
Microsoft Visual Studio Solution File, Format Version 12.00
Project("{F2A71F9B-5D33-465A-A702-920D77279786}") = "Assignment4", "Assignment4\Assignment4.fsproj", "{A41CDD21-1496-40D2-98AF-0E37D78D8A5D}"
EndProject
Global
	GlobalSection(SolutionConfigurationPlatforms) = preSolution
		Debug|Any CPU = Debug|Any CPU
		Release|Any CPU = Release|Any CPU
	EndGlobalSection
	GlobalSection(ProjectConfigurationPlatforms) = postSolution
		{A41CDD21-1496-40D2-98AF-0E37D78D8A5D}.Debug|Any CPU.ActiveCfg = Debug|Any CPU
		{A41CDD21-1496-40D2-98AF-0E37D78D8A5D}.Debug|Any CPU.Build.0 = Debug|Any CPU
		{A41CDD21-1496-40D2-98AF-0E37D78D8A5D}.Release|Any CPU.ActiveCfg = Release|Any CPU
		{A41CDD21-1496-40D2-98AF-0E37D78D8A5D}.Release|Any CPU.Build.0 = Release|Any CPU
	EndGlobalSection
EndGlobal
